// !$*UTF8*$!
{
	archiveVersion = 1;
	classes = {
	};
	objectVersion = 55;
	objects = {

/* Begin PBXBuildFile section */
		7C09E95D28313EDC0022B9BB /* AppDelegate.swift in Sources */ = {isa = PBXBuildFile; fileRef = 7C09E95C28313EDC0022B9BB /* AppDelegate.swift */; };
		7C09E95F28313EDC0022B9BB /* GameScene.sks in Resources */ = {isa = PBXBuildFile; fileRef = 7C09E95E28313EDC0022B9BB /* GameScene.sks */; };
		7C09E96328313EDC0022B9BB /* GameScene.swift in Sources */ = {isa = PBXBuildFile; fileRef = 7C09E96228313EDC0022B9BB /* GameScene.swift */; };
		7C09E96528313EDC0022B9BB /* GameViewController.swift in Sources */ = {isa = PBXBuildFile; fileRef = 7C09E96428313EDC0022B9BB /* GameViewController.swift */; };
		7C09E96828313EDC0022B9BB /* Main.storyboard in Resources */ = {isa = PBXBuildFile; fileRef = 7C09E96628313EDC0022B9BB /* Main.storyboard */; };
		7C09E96A28313EDE0022B9BB /* Assets.xcassets in Resources */ = {isa = PBXBuildFile; fileRef = 7C09E96928313EDE0022B9BB /* Assets.xcassets */; };
		7C09E96D28313EDE0022B9BB /* LaunchScreen.storyboard in Resources */ = {isa = PBXBuildFile; fileRef = 7C09E96B28313EDE0022B9BB /* LaunchScreen.storyboard */; };
		7C09E990283144730022B9BB /* ballGrey.png in Resources */ = {isa = PBXBuildFile; fileRef = 7C09E974283144730022B9BB /* ballGrey.png */; };
		7C09E991283144730022B9BB /* FireParticles.sks in Resources */ = {isa = PBXBuildFile; fileRef = 7C09E975283144730022B9BB /* FireParticles.sks */; };
		7C09E992283144730022B9BB /* ballBlue@2x.png in Resources */ = {isa = PBXBuildFile; fileRef = 7C09E976283144730022B9BB /* ballBlue@2x.png */; };
		7C09E993283144730022B9BB /* slotGlowBad@2x.png in Resources */ = {isa = PBXBuildFile; fileRef = 7C09E977283144730022B9BB /* slotGlowBad@2x.png */; };
		7C09E994283144730022B9BB /* ballPurple.png in Resources */ = {isa = PBXBuildFile; fileRef = 7C09E978283144730022B9BB /* ballPurple.png */; };
		7C09E995283144730022B9BB /* ballYellow@2x.png in Resources */ = {isa = PBXBuildFile; fileRef = 7C09E979283144730022B9BB /* ballYellow@2x.png */; };
		7C09E996283144730022B9BB /* ballRed.png in Resources */ = {isa = PBXBuildFile; fileRef = 7C09E97A283144730022B9BB /* ballRed.png */; };
		7C09E997283144730022B9BB /* slotBaseGood@2x.png in Resources */ = {isa = PBXBuildFile; fileRef = 7C09E97B283144730022B9BB /* slotBaseGood@2x.png */; };
		7C09E998283144730022B9BB /* ballPurple@2x.png in Resources */ = {isa = PBXBuildFile; fileRef = 7C09E97C283144730022B9BB /* ballPurple@2x.png */; };
		7C09E999283144730022B9BB /* slotBaseBad.png in Resources */ = {isa = PBXBuildFile; fileRef = 7C09E97D283144730022B9BB /* slotBaseBad.png */; };
		7C09E99A283144730022B9BB /* slotBaseBad@2x.png in Resources */ = {isa = PBXBuildFile; fileRef = 7C09E97E283144730022B9BB /* slotBaseBad@2x.png */; };
		7C09E99B283144730022B9BB /* ballGrey@2x.png in Resources */ = {isa = PBXBuildFile; fileRef = 7C09E97F283144730022B9BB /* ballGrey@2x.png */; };
		7C09E99C283144730022B9BB /* spark.png in Resources */ = {isa = PBXBuildFile; fileRef = 7C09E980283144730022B9BB /* spark.png */; };
		7C09E99D283144730022B9BB /* bouncer@2x.png in Resources */ = {isa = PBXBuildFile; fileRef = 7C09E981283144730022B9BB /* bouncer@2x.png */; };
		7C09E99E283144730022B9BB /* slotGlowGood.png in Resources */ = {isa = PBXBuildFile; fileRef = 7C09E982283144730022B9BB /* slotGlowGood.png */; };
		7C09E99F283144730022B9BB /* slotGlowGood@2x.png in Resources */ = {isa = PBXBuildFile; fileRef = 7C09E983283144730022B9BB /* slotGlowGood@2x.png */; };
		7C09E9A0283144730022B9BB /* slotBaseGood.png in Resources */ = {isa = PBXBuildFile; fileRef = 7C09E984283144730022B9BB /* slotBaseGood.png */; };
		7C09E9A1283144730022B9BB /* background.jpg in Resources */ = {isa = PBXBuildFile; fileRef = 7C09E985283144730022B9BB /* background.jpg */; };
		7C09E9A2283144730022B9BB /* ballCyan.png in Resources */ = {isa = PBXBuildFile; fileRef = 7C09E986283144730022B9BB /* ballCyan.png */; };
		7C09E9A3283144730022B9BB /* ballRed@2x.png in Resources */ = {isa = PBXBuildFile; fileRef = 7C09E987283144730022B9BB /* ballRed@2x.png */; };
		7C09E9A4283144730022B9BB /* slotGlowBad.png in Resources */ = {isa = PBXBuildFile; fileRef = 7C09E988283144730022B9BB /* slotGlowBad.png */; };
		7C09E9A5283144730022B9BB /* ballCyan@2x.png in Resources */ = {isa = PBXBuildFile; fileRef = 7C09E989283144730022B9BB /* ballCyan@2x.png */; };
		7C09E9A6283144730022B9BB /* ballYellow.png in Resources */ = {isa = PBXBuildFile; fileRef = 7C09E98A283144730022B9BB /* ballYellow.png */; };
		7C09E9A7283144730022B9BB /* background@2x.jpg in Resources */ = {isa = PBXBuildFile; fileRef = 7C09E98B283144730022B9BB /* background@2x.jpg */; };
		7C09E9A8283144730022B9BB /* ballGreen@2x.png in Resources */ = {isa = PBXBuildFile; fileRef = 7C09E98C283144730022B9BB /* ballGreen@2x.png */; };
		7C09E9A9283144730022B9BB /* ballGreen.png in Resources */ = {isa = PBXBuildFile; fileRef = 7C09E98D283144730022B9BB /* ballGreen.png */; };
		7C09E9AA283144730022B9BB /* bouncer.png in Resources */ = {isa = PBXBuildFile; fileRef = 7C09E98E283144730022B9BB /* bouncer.png */; };
		7C09E9AB283144730022B9BB /* ballBlue.png in Resources */ = {isa = PBXBuildFile; fileRef = 7C09E98F283144730022B9BB /* ballBlue.png */; };
/* End PBXBuildFile section */

/* Begin PBXFileReference section */
		7C09E95928313EDC0022B9BB /* Peggle.app */ = {isa = PBXFileReference; explicitFileType = wrapper.application; includeInIndex = 0; path = Peggle.app; sourceTree = BUILT_PRODUCTS_DIR; };
		7C09E95C28313EDC0022B9BB /* AppDelegate.swift */ = {isa = PBXFileReference; lastKnownFileType = sourcecode.swift; path = AppDelegate.swift; sourceTree = "<group>"; };
		7C09E95E28313EDC0022B9BB /* GameScene.sks */ = {isa = PBXFileReference; lastKnownFileType = file.sks; path = GameScene.sks; sourceTree = "<group>"; };
		7C09E96228313EDC0022B9BB /* GameScene.swift */ = {isa = PBXFileReference; lastKnownFileType = sourcecode.swift; path = GameScene.swift; sourceTree = "<group>"; };
		7C09E96428313EDC0022B9BB /* GameViewController.swift */ = {isa = PBXFileReference; lastKnownFileType = sourcecode.swift; path = GameViewController.swift; sourceTree = "<group>"; };
		7C09E96728313EDC0022B9BB /* Base */ = {isa = PBXFileReference; lastKnownFileType = file.storyboard; name = Base; path = Base.lproj/Main.storyboard; sourceTree = "<group>"; };
		7C09E96928313EDE0022B9BB /* Assets.xcassets */ = {isa = PBXFileReference; lastKnownFileType = folder.assetcatalog; path = Assets.xcassets; sourceTree = "<group>"; };
		7C09E96C28313EDE0022B9BB /* Base */ = {isa = PBXFileReference; lastKnownFileType = file.storyboard; name = Base; path = Base.lproj/LaunchScreen.storyboard; sourceTree = "<group>"; };
		7C09E974283144730022B9BB /* ballGrey.png */ = {isa = PBXFileReference; lastKnownFileType = image.png; path = ballGrey.png; sourceTree = "<group>"; };
		7C09E975283144730022B9BB /* FireParticles.sks */ = {isa = PBXFileReference; lastKnownFileType = file.sks; path = FireParticles.sks; sourceTree = "<group>"; };
		7C09E976283144730022B9BB /* ballBlue@2x.png */ = {isa = PBXFileReference; lastKnownFileType = image.png; path = "ballBlue@2x.png"; sourceTree = "<group>"; };
		7C09E977283144730022B9BB /* slotGlowBad@2x.png */ = {isa = PBXFileReference; lastKnownFileType = image.png; path = "slotGlowBad@2x.png"; sourceTree = "<group>"; };
		7C09E978283144730022B9BB /* ballPurple.png */ = {isa = PBXFileReference; lastKnownFileType = image.png; path = ballPurple.png; sourceTree = "<group>"; };
		7C09E979283144730022B9BB /* ballYellow@2x.png */ = {isa = PBXFileReference; lastKnownFileType = image.png; path = "ballYellow@2x.png"; sourceTree = "<group>"; };
		7C09E97A283144730022B9BB /* ballRed.png */ = {isa = PBXFileReference; lastKnownFileType = image.png; path = ballRed.png; sourceTree = "<group>"; };
		7C09E97B283144730022B9BB /* slotBaseGood@2x.png */ = {isa = PBXFileReference; lastKnownFileType = image.png; path = "slotBaseGood@2x.png"; sourceTree = "<group>"; };
		7C09E97C283144730022B9BB /* ballPurple@2x.png */ = {isa = PBXFileReference; lastKnownFileType = image.png; path = "ballPurple@2x.png"; sourceTree = "<group>"; };
		7C09E97D283144730022B9BB /* slotBaseBad.png */ = {isa = PBXFileReference; lastKnownFileType = image.png; path = slotBaseBad.png; sourceTree = "<group>"; };
		7C09E97E283144730022B9BB /* slotBaseBad@2x.png */ = {isa = PBXFileReference; lastKnownFileType = image.png; path = "slotBaseBad@2x.png"; sourceTree = "<group>"; };
		7C09E97F283144730022B9BB /* ballGrey@2x.png */ = {isa = PBXFileReference; lastKnownFileType = image.png; path = "ballGrey@2x.png"; sourceTree = "<group>"; };
		7C09E980283144730022B9BB /* spark.png */ = {isa = PBXFileReference; lastKnownFileType = image.png; path = spark.png; sourceTree = "<group>"; };
		7C09E981283144730022B9BB /* bouncer@2x.png */ = {isa = PBXFileReference; lastKnownFileType = image.png; path = "bouncer@2x.png"; sourceTree = "<group>"; };
		7C09E982283144730022B9BB /* slotGlowGood.png */ = {isa = PBXFileReference; lastKnownFileType = image.png; path = slotGlowGood.png; sourceTree = "<group>"; };
		7C09E983283144730022B9BB /* slotGlowGood@2x.png */ = {isa = PBXFileReference; lastKnownFileType = image.png; path = "slotGlowGood@2x.png"; sourceTree = "<group>"; };
		7C09E984283144730022B9BB /* slotBaseGood.png */ = {isa = PBXFileReference; lastKnownFileType = image.png; path = slotBaseGood.png; sourceTree = "<group>"; };
		7C09E985283144730022B9BB /* background.jpg */ = {isa = PBXFileReference; lastKnownFileType = image.jpeg; path = background.jpg; sourceTree = "<group>"; };
		7C09E986283144730022B9BB /* ballCyan.png */ = {isa = PBXFileReference; lastKnownFileType = image.png; path = ballCyan.png; sourceTree = "<group>"; };
		7C09E987283144730022B9BB /* ballRed@2x.png */ = {isa = PBXFileReference; lastKnownFileType = image.png; path = "ballRed@2x.png"; sourceTree = "<group>"; };
		7C09E988283144730022B9BB /* slotGlowBad.png */ = {isa = PBXFileReference; lastKnownFileType = image.png; path = slotGlowBad.png; sourceTree = "<group>"; };
		7C09E989283144730022B9BB /* ballCyan@2x.png */ = {isa = PBXFileReference; lastKnownFileType = image.png; path = "ballCyan@2x.png"; sourceTree = "<group>"; };
		7C09E98A283144730022B9BB /* ballYellow.png */ = {isa = PBXFileReference; lastKnownFileType = image.png; path = ballYellow.png; sourceTree = "<group>"; };
		7C09E98B283144730022B9BB /* background@2x.jpg */ = {isa = PBXFileReference; lastKnownFileType = image.jpeg; path = "background@2x.jpg"; sourceTree = "<group>"; };
		7C09E98C283144730022B9BB /* ballGreen@2x.png */ = {isa = PBXFileReference; lastKnownFileType = image.png; path = "ballGreen@2x.png"; sourceTree = "<group>"; };
		7C09E98D283144730022B9BB /* ballGreen.png */ = {isa = PBXFileReference; lastKnownFileType = image.png; path = ballGreen.png; sourceTree = "<group>"; };
		7C09E98E283144730022B9BB /* bouncer.png */ = {isa = PBXFileReference; lastKnownFileType = image.png; path = bouncer.png; sourceTree = "<group>"; };
		7C09E98F283144730022B9BB /* ballBlue.png */ = {isa = PBXFileReference; lastKnownFileType = image.png; path = ballBlue.png; sourceTree = "<group>"; };
/* End PBXFileReference section */

/* Begin PBXFrameworksBuildPhase section */
		7C09E95628313EDC0022B9BB /* Frameworks */ = {
			isa = PBXFrameworksBuildPhase;
			buildActionMask = 2147483647;
			files = (
			);
			runOnlyForDeploymentPostprocessing = 0;
		};
/* End PBXFrameworksBuildPhase section */

/* Begin PBXGroup section */
		7C09E95028313EDC0022B9BB = {
			isa = PBXGroup;
			children = (
				7C09E95B28313EDC0022B9BB /* Peggle */,
				7C09E95A28313EDC0022B9BB /* Products */,
			);
			sourceTree = "<group>";
		};
		7C09E95A28313EDC0022B9BB /* Products */ = {
			isa = PBXGroup;
			children = (
				7C09E95928313EDC0022B9BB /* Peggle.app */,
			);
			name = Products;
			sourceTree = "<group>";
		};
		7C09E95B28313EDC0022B9BB /* Peggle */ = {
			isa = PBXGroup;
			children = (
				7C09E95C28313EDC0022B9BB /* AppDelegate.swift */,
				7C09E95E28313EDC0022B9BB /* GameScene.sks */,
				7C09E96228313EDC0022B9BB /* GameScene.swift */,
				7C09E96428313EDC0022B9BB /* GameViewController.swift */,
				7C09E96628313EDC0022B9BB /* Main.storyboard */,
				7C09E96928313EDE0022B9BB /* Assets.xcassets */,
				7C09E973283144730022B9BB /* Content */,
				7C09E96B28313EDE0022B9BB /* LaunchScreen.storyboard */,
			);
			path = Peggle;
			sourceTree = "<group>";
		};
		7C09E973283144730022B9BB /* Content */ = {
			isa = PBXGroup;
			children = (
				7C09E974283144730022B9BB /* ballGrey.png */,
				7C09E975283144730022B9BB /* FireParticles.sks */,
				7C09E976283144730022B9BB /* ballBlue@2x.png */,
				7C09E977283144730022B9BB /* slotGlowBad@2x.png */,
				7C09E978283144730022B9BB /* ballPurple.png */,
				7C09E979283144730022B9BB /* ballYellow@2x.png */,
				7C09E97A283144730022B9BB /* ballRed.png */,
				7C09E97B283144730022B9BB /* slotBaseGood@2x.png */,
				7C09E97C283144730022B9BB /* ballPurple@2x.png */,
				7C09E97D283144730022B9BB /* slotBaseBad.png */,
				7C09E97E283144730022B9BB /* slotBaseBad@2x.png */,
				7C09E97F283144730022B9BB /* ballGrey@2x.png */,
				7C09E980283144730022B9BB /* spark.png */,
				7C09E981283144730022B9BB /* bouncer@2x.png */,
				7C09E982283144730022B9BB /* slotGlowGood.png */,
				7C09E983283144730022B9BB /* slotGlowGood@2x.png */,
				7C09E984283144730022B9BB /* slotBaseGood.png */,
				7C09E985283144730022B9BB /* background.jpg */,
				7C09E986283144730022B9BB /* ballCyan.png */,
				7C09E987283144730022B9BB /* ballRed@2x.png */,
				7C09E988283144730022B9BB /* slotGlowBad.png */,
				7C09E989283144730022B9BB /* ballCyan@2x.png */,
				7C09E98A283144730022B9BB /* ballYellow.png */,
				7C09E98B283144730022B9BB /* background@2x.jpg */,
				7C09E98C283144730022B9BB /* ballGreen@2x.png */,
				7C09E98D283144730022B9BB /* ballGreen.png */,
				7C09E98E283144730022B9BB /* bouncer.png */,
				7C09E98F283144730022B9BB /* ballBlue.png */,
			);
			path = Content;
			sourceTree = "<group>";
		};
/* End PBXGroup section */

/* Begin PBXNativeTarget section */
		7C09E95828313EDC0022B9BB /* Peggle */ = {
			isa = PBXNativeTarget;
			buildConfigurationList = 7C09E97028313EDE0022B9BB /* Build configuration list for PBXNativeTarget "Peggle" */;
			buildPhases = (
				7C09E95528313EDC0022B9BB /* Sources */,
				7C09E95628313EDC0022B9BB /* Frameworks */,
				7C09E95728313EDC0022B9BB /* Resources */,
			);
			buildRules = (
			);
			dependencies = (
			);
			name = Peggle;
			productName = Peggle;
			productReference = 7C09E95928313EDC0022B9BB /* Peggle.app */;
			productType = "com.apple.product-type.application";
		};
/* End PBXNativeTarget section */

/* Begin PBXProject section */
		7C09E95128313EDC0022B9BB /* Project object */ = {
			isa = PBXProject;
			attributes = {
				BuildIndependentTargetsInParallel = 1;
				LastSwiftUpdateCheck = 1330;
				LastUpgradeCheck = 1330;
				TargetAttributes = {
					7C09E95828313EDC0022B9BB = {
						CreatedOnToolsVersion = 13.3.1;
					};
				};
			};
			buildConfigurationList = 7C09E95428313EDC0022B9BB /* Build configuration list for PBXProject "Peggle" */;
			compatibilityVersion = "Xcode 13.0";
			developmentRegion = en;
			hasScannedForEncodings = 0;
			knownRegions = (
				en,
				Base,
			);
			mainGroup = 7C09E95028313EDC0022B9BB;
			productRefGroup = 7C09E95A28313EDC0022B9BB /* Products */;
			projectDirPath = "";
			projectRoot = "";
			targets = (
				7C09E95828313EDC0022B9BB /* Peggle */,
			);
		};
/* End PBXProject section */

/* Begin PBXResourcesBuildPhase section */
		7C09E95728313EDC0022B9BB /* Resources */ = {
			isa = PBXResourcesBuildPhase;
			buildActionMask = 2147483647;
			files = (
				7C09E99F283144730022B9BB /* slotGlowGood@2x.png in Resources */,
				7C09E9A4283144730022B9BB /* slotGlowBad.png in Resources */,
				7C09E9AB283144730022B9BB /* ballBlue.png in Resources */,
				7C09E9A3283144730022B9BB /* ballRed@2x.png in Resources */,
				7C09E992283144730022B9BB /* ballBlue@2x.png in Resources */,
				7C09E9AA283144730022B9BB /* bouncer.png in Resources */,
				7C09E993283144730022B9BB /* slotGlowBad@2x.png in Resources */,
				7C09E96828313EDC0022B9BB /* Main.storyboard in Resources */,
				7C09E998283144730022B9BB /* ballPurple@2x.png in Resources */,
				7C09E996283144730022B9BB /* ballRed.png in Resources */,
				7C09E99A283144730022B9BB /* slotBaseBad@2x.png in Resources */,
				7C09E9A6283144730022B9BB /* ballYellow.png in Resources */,
				7C09E9A9283144730022B9BB /* ballGreen.png in Resources */,
				7C09E9A7283144730022B9BB /* background@2x.jpg in Resources */,
				7C09E990283144730022B9BB /* ballGrey.png in Resources */,
				7C09E9A8283144730022B9BB /* ballGreen@2x.png in Resources */,
				7C09E994283144730022B9BB /* ballPurple.png in Resources */,
				7C09E9A1283144730022B9BB /* background.jpg in Resources */,
				7C09E99E283144730022B9BB /* slotGlowGood.png in Resources */,
				7C09E995283144730022B9BB /* ballYellow@2x.png in Resources */,
				7C09E9A5283144730022B9BB /* ballCyan@2x.png in Resources */,
				7C09E99D283144730022B9BB /* bouncer@2x.png in Resources */,
				7C09E999283144730022B9BB /* slotBaseBad.png in Resources */,
				7C09E95F28313EDC0022B9BB /* GameScene.sks in Resources */,
				7C09E9A2283144730022B9BB /* ballCyan.png in Resources */,
				7C09E991283144730022B9BB /* FireParticles.sks in Resources */,
				7C09E96A28313EDE0022B9BB /* Assets.xcassets in Resources */,
				7C09E997283144730022B9BB /* slotBaseGood@2x.png in Resources */,
				7C09E99B283144730022B9BB /* ballGrey@2x.png in Resources */,
				7C09E96D28313EDE0022B9BB /* LaunchScreen.storyboard in Resources */,
				7C09E99C283144730022B9BB /* spark.png in Resources */,
				7C09E9A0283144730022B9BB /* slotBaseGood.png in Resources */,
			);
			runOnlyForDeploymentPostprocessing = 0;
		};
/* End PBXResourcesBuildPhase section */

/* Begin PBXSourcesBuildPhase section */
		7C09E95528313EDC0022B9BB /* Sources */ = {
			isa = PBXSourcesBuildPhase;
			buildActionMask = 2147483647;
			files = (
				7C09E96328313EDC0022B9BB /* GameScene.swift in Sources */,
				7C09E96528313EDC0022B9BB /* GameViewController.swift in Sources */,
				7C09E95D28313EDC0022B9BB /* AppDelegate.swift in Sources */,
			);
			runOnlyForDeploymentPostprocessing = 0;
		};
/* End PBXSourcesBuildPhase section */

/* Begin PBXVariantGroup section */
		7C09E96628313EDC0022B9BB /* Main.storyboard */ = {
			isa = PBXVariantGroup;
			children = (
				7C09E96728313EDC0022B9BB /* Base */,
			);
			name = Main.storyboard;
			sourceTree = "<group>";
		};
		7C09E96B28313EDE0022B9BB /* LaunchScreen.storyboard */ = {
			isa = PBXVariantGroup;
			children = (
				7C09E96C28313EDE0022B9BB /* Base */,
			);
			name = LaunchScreen.storyboard;
			sourceTree = "<group>";
		};
/* End PBXVariantGroup section */

/* Begin XCBuildConfiguration section */
		7C09E96E28313EDE0022B9BB /* Debug */ = {
			isa = XCBuildConfiguration;
			buildSettings = {
				ALWAYS_SEARCH_USER_PATHS = NO;
				CLANG_ANALYZER_NONNULL = YES;
				CLANG_ANALYZER_NUMBER_OBJECT_CONVERSION = YES_AGGRESSIVE;
				CLANG_CXX_LANGUAGE_STANDARD = "gnu++17";
				CLANG_ENABLE_MODULES = YES;
				CLANG_ENABLE_OBJC_ARC = YES;
				CLANG_ENABLE_OBJC_WEAK = YES;
				CLANG_WARN_BLOCK_CAPTURE_AUTORELEASING = YES;
				CLANG_WARN_BOOL_CONVERSION = YES;
				CLANG_WARN_COMMA = YES;
				CLANG_WARN_CONSTANT_CONVERSION = YES;
				CLANG_WARN_DEPRECATED_OBJC_IMPLEMENTATIONS = YES;
				CLANG_WARN_DIRECT_OBJC_ISA_USAGE = YES_ERROR;
				CLANG_WARN_DOCUMENTATION_COMMENTS = YES;
				CLANG_WARN_EMPTY_BODY = YES;
				CLANG_WARN_ENUM_CONVERSION = YES;
				CLANG_WARN_INFINITE_RECURSION = YES;
				CLANG_WARN_INT_CONVERSION = YES;
				CLANG_WARN_NON_LITERAL_NULL_CONVERSION = YES;
				CLANG_WARN_OBJC_IMPLICIT_RETAIN_SELF = YES;
				CLANG_WARN_OBJC_LITERAL_CONVERSION = YES;
				CLANG_WARN_OBJC_ROOT_CLASS = YES_ERROR;
				CLANG_WARN_QUOTED_INCLUDE_IN_FRAMEWORK_HEADER = YES;
				CLANG_WARN_RANGE_LOOP_ANALYSIS = YES;
				CLANG_WARN_STRICT_PROTOTYPES = YES;
				CLANG_WARN_SUSPICIOUS_MOVE = YES;
				CLANG_WARN_UNGUARDED_AVAILABILITY = YES_AGGRESSIVE;
				CLANG_WARN_UNREACHABLE_CODE = YES;
				CLANG_WARN__DUPLICATE_METHOD_MATCH = YES;
				COPY_PHASE_STRIP = NO;
				DEBUG_INFORMATION_FORMAT = dwarf;
				ENABLE_STRICT_OBJC_MSGSEND = YES;
				ENABLE_TESTABILITY = YES;
				GCC_C_LANGUAGE_STANDARD = gnu11;
				GCC_DYNAMIC_NO_PIC = NO;
				GCC_NO_COMMON_BLOCKS = YES;
				GCC_OPTIMIZATION_LEVEL = 0;
				GCC_PREPROCESSOR_DEFINITIONS = (
					"DEBUG=1",
					"$(inherited)",
				);
				GCC_WARN_64_TO_32_BIT_CONVERSION = YES;
				GCC_WARN_ABOUT_RETURN_TYPE = YES_ERROR;
				GCC_WARN_UNDECLARED_SELECTOR = YES;
				GCC_WARN_UNINITIALIZED_AUTOS = YES_AGGRESSIVE;
				GCC_WARN_UNUSED_FUNCTION = YES;
				GCC_WARN_UNUSED_VARIABLE = YES;
				IPHONEOS_DEPLOYMENT_TARGET = 15.4;
				MTL_ENABLE_DEBUG_INFO = INCLUDE_SOURCE;
				MTL_FAST_MATH = YES;
				ONLY_ACTIVE_ARCH = YES;
				SDKROOT = iphoneos;
				SWIFT_ACTIVE_COMPILATION_CONDITIONS = DEBUG;
				SWIFT_OPTIMIZATION_LEVEL = "-Onone";
			};
			name = Debug;
		};
		7C09E96F28313EDE0022B9BB /* Release */ = {
			isa = XCBuildConfiguration;
			buildSettings = {
				ALWAYS_SEARCH_USER_PATHS = NO;
				CLANG_ANALYZER_NONNULL = YES;
				CLANG_ANALYZER_NUMBER_OBJECT_CONVERSION = YES_AGGRESSIVE;
				CLANG_CXX_LANGUAGE_STANDARD = "gnu++17";
				CLANG_ENABLE_MODULES = YES;
				CLANG_ENABLE_OBJC_ARC = YES;
				CLANG_ENABLE_OBJC_WEAK = YES;
				CLANG_WARN_BLOCK_CAPTURE_AUTORELEASING = YES;
				CLANG_WARN_BOOL_CONVERSION = YES;
				CLANG_WARN_COMMA = YES;
				CLANG_WARN_CONSTANT_CONVERSION = YES;
				CLANG_WARN_DEPRECATED_OBJC_IMPLEMENTATIONS = YES;
				CLANG_WARN_DIRECT_OBJC_ISA_USAGE = YES_ERROR;
				CLANG_WARN_DOCUMENTATION_COMMENTS = YES;
				CLANG_WARN_EMPTY_BODY = YES;
				CLANG_WARN_ENUM_CONVERSION = YES;
				CLANG_WARN_INFINITE_RECURSION = YES;
				CLANG_WARN_INT_CONVERSION = YES;
				CLANG_WARN_NON_LITERAL_NULL_CONVERSION = YES;
				CLANG_WARN_OBJC_IMPLICIT_RETAIN_SELF = YES;
				CLANG_WARN_OBJC_LITERAL_CONVERSION = YES;
				CLANG_WARN_OBJC_ROOT_CLASS = YES_ERROR;
				CLANG_WARN_QUOTED_INCLUDE_IN_FRAMEWORK_HEADER = YES;
				CLANG_WARN_RANGE_LOOP_ANALYSIS = YES;
				CLANG_WARN_STRICT_PROTOTYPES = YES;
				CLANG_WARN_SUSPICIOUS_MOVE = YES;
				CLANG_WARN_UNGUARDED_AVAILABILITY = YES_AGGRESSIVE;
				CLANG_WARN_UNREACHABLE_CODE = YES;
				CLANG_WARN__DUPLICATE_METHOD_MATCH = YES;
				COPY_PHASE_STRIP = NO;
				DEBUG_INFORMATION_FORMAT = "dwarf-with-dsym";
				ENABLE_NS_ASSERTIONS = NO;
				ENABLE_STRICT_OBJC_MSGSEND = YES;
				GCC_C_LANGUAGE_STANDARD = gnu11;
				GCC_NO_COMMON_BLOCKS = YES;
				GCC_WARN_64_TO_32_BIT_CONVERSION = YES;
				GCC_WARN_ABOUT_RETURN_TYPE = YES_ERROR;
				GCC_WARN_UNDECLARED_SELECTOR = YES;
				GCC_WARN_UNINITIALIZED_AUTOS = YES_AGGRESSIVE;
				GCC_WARN_UNUSED_FUNCTION = YES;
				GCC_WARN_UNUSED_VARIABLE = YES;
				IPHONEOS_DEPLOYMENT_TARGET = 15.4;
				MTL_ENABLE_DEBUG_INFO = NO;
				MTL_FAST_MATH = YES;
				SDKROOT = iphoneos;
				SWIFT_COMPILATION_MODE = wholemodule;
				SWIFT_OPTIMIZATION_LEVEL = "-O";
				VALIDATE_PRODUCT = YES;
			};
			name = Release;
		};
		7C09E97128313EDE0022B9BB /* Debug */ = {
			isa = XCBuildConfiguration;
			buildSettings = {
				ASSETCATALOG_COMPILER_APPICON_NAME = AppIcon;
				ASSETCATALOG_COMPILER_GLOBAL_ACCENT_COLOR_NAME = AccentColor;
				CODE_SIGN_STYLE = Automatic;
				CURRENT_PROJECT_VERSION = 1;
				DEVELOPMENT_TEAM = 39JD9533YH;
				GENERATE_INFOPLIST_FILE = YES;
				INFOPLIST_KEY_UIApplicationSupportsIndirectInputEvents = YES;
				INFOPLIST_KEY_UILaunchStoryboardName = LaunchScreen;
				INFOPLIST_KEY_UIMainStoryboardFile = Main;
				INFOPLIST_KEY_UIStatusBarHidden = YES;
				INFOPLIST_KEY_UISupportedInterfaceOrientations_iPad = "UIInterfaceOrientationPortrait UIInterfaceOrientationPortraitUpsideDown UIInterfaceOrientationLandscapeLeft UIInterfaceOrientationLandscapeRight";
				INFOPLIST_KEY_UISupportedInterfaceOrientations_iPhone = "UIInterfaceOrientationPortrait UIInterfaceOrientationLandscapeLeft UIInterfaceOrientationLandscapeRight";
				LD_RUNPATH_SEARCH_PATHS = (
					"$(inherited)",
					"@executable_path/Frameworks",
				);
				MARKETING_VERSION = 1.0;
				PRODUCT_BUNDLE_IDENTIFIER = com.BarneysApps.Wordy.Peggle;
				PRODUCT_NAME = "$(TARGET_NAME)";
				SWIFT_EMIT_LOC_STRINGS = YES;
				SWIFT_VERSION = 5.0;
				TARGETED_DEVICE_FAMILY = "1,2";
			};
			name = Debug;
		};
		7C09E97228313EDE0022B9BB /* Release */ = {
			isa = XCBuildConfiguration;
			buildSettings = {
				ASSETCATALOG_COMPILER_APPICON_NAME = AppIcon;
				ASSETCATALOG_COMPILER_GLOBAL_ACCENT_COLOR_NAME = AccentColor;
				CODE_SIGN_STYLE = Automatic;
				CURRENT_PROJECT_VERSION = 1;
				DEVELOPMENT_TEAM = 39JD9533YH;
				GENERATE_INFOPLIST_FILE = YES;
				INFOPLIST_KEY_UIApplicationSupportsIndirectInputEvents = YES;
				INFOPLIST_KEY_UILaunchStoryboardName = LaunchScreen;
				INFOPLIST_KEY_UIMainStoryboardFile = Main;
				INFOPLIST_KEY_UIStatusBarHidden = YES;
				INFOPLIST_KEY_UISupportedInterfaceOrientations_iPad = "UIInterfaceOrientationPortrait UIInterfaceOrientationPortraitUpsideDown UIInterfaceOrientationLandscapeLeft UIInterfaceOrientationLandscapeRight";
				INFOPLIST_KEY_UISupportedInterfaceOrientations_iPhone = "UIInterfaceOrientationPortrait UIInterfaceOrientationLandscapeLeft UIInterfaceOrientationLandscapeRight";
				LD_RUNPATH_SEARCH_PATHS = (
					"$(inherited)",
					"@executable_path/Frameworks",
				);
				MARKETING_VERSION = 1.0;
				PRODUCT_BUNDLE_IDENTIFIER = com.BarneysApps.Wordy.Peggle;
				PRODUCT_NAME = "$(TARGET_NAME)";
				SWIFT_EMIT_LOC_STRINGS = YES;
				SWIFT_VERSION = 5.0;
				TARGETED_DEVICE_FAMILY = "1,2";
			};
			name = Release;
		};
/* End XCBuildConfiguration section */

/* Begin XCConfigurationList section */
		7C09E95428313EDC0022B9BB /* Build configuration list for PBXProject "Peggle" */ = {
			isa = XCConfigurationList;
			buildConfigurations = (
				7C09E96E28313EDE0022B9BB /* Debug */,
				7C09E96F28313EDE0022B9BB /* Release */,
			);
			defaultConfigurationIsVisible = 0;
			defaultConfigurationName = Release;
		};
		7C09E97028313EDE0022B9BB /* Build configuration list for PBXNativeTarget "Peggle" */ = {
			isa = XCConfigurationList;
			buildConfigurations = (
				7C09E97128313EDE0022B9BB /* Debug */,
				7C09E97228313EDE0022B9BB /* Release */,
			);
			defaultConfigurationIsVisible = 0;
			defaultConfigurationName = Release;
		};
/* End XCConfigurationList section */
	};
	rootObject = 7C09E95128313EDC0022B9BB /* Project object */;
}
